
Microsoft Visual Studio Solution File, Format Version 12.00
# Visual Studio Version 17
VisualStudioVersion = 17.11.35222.181
MinimumVisualStudioVersion = 10.0.40219.1
Project("{FAE04EC0-301F-11D3-BF4B-00C04F79EFBC}") = "Tyuiu.KarandaAR.Sprint2.Task0.V20", "Tyuiu.KarandaAR.Sprint2.Task0.V20\Tyuiu.KarandaAR.Sprint2.Task0.V20.csproj", "{5466FDA5-7574-4DF5-8125-67EBC89099FE}"
EndProject
Project("{FAE04EC0-301F-11D3-BF4B-00C04F79EFBC}") = "Tyuiu.KarandaAR.Sprint2.Task0.V20.Lib", "Tyuiu.KarandaAR.Sprint2.Task0.V20.Lib\Tyuiu.KarandaAR.Sprint2.Task0.V20.Lib.csproj", "{AF2F35BD-143E-4F51-A467-EA1BFE102C0D}"
EndProject
Project("{FAE04EC0-301F-11D3-BF4B-00C04F79EFBC}") = "Tyuiu.KarandaAR.Sprint2.Task0.V20.Test", "Tyuiu.KarandaAR.Sprint2.Task0.V20.Test\Tyuiu.KarandaAR.Sprint2.Task0.V20.Test.csproj", "{8547C1FA-E6AC-4EA6-A2B0-6F5162A7AEF1}"
EndProject
Project("{2150E333-8FDC-42A3-9474-1A3956D46DE8}") = "Task0", "Task0", "{722A49FD-CEA2-4768-B826-AEEE6A103B8F}"
EndProject
Project("{2150E333-8FDC-42A3-9474-1A3956D46DE8}") = "Task1", "Task1", "{AD75FF7E-921A-4D82-9881-A7301382F486}"
EndProject
Project("{FAE04EC0-301F-11D3-BF4B-00C04F79EFBC}") = "Tyuiu.KarandaAR.Sprint2.Task1.V26", "Tyuiu.KarandaAR.Sprint2.Task1.V26\Tyuiu.KarandaAR.Sprint2.Task1.V26.csproj", "{14ACDE92-22ED-4032-BF95-839EE4071CAC}"
EndProject
Project("{FAE04EC0-301F-11D3-BF4B-00C04F79EFBC}") = "Tyuiu.KarandaAR.Sprint2.Task1.V26.Lib", "Tyuiu.KarandaAR.Sprint2.Task1.V26.Lib\Tyuiu.KarandaAR.Sprint2.Task1.V26.Lib.csproj", "{EDC2B137-616C-45D4-96E8-62922DAD421D}"
EndProject
Project("{FAE04EC0-301F-11D3-BF4B-00C04F79EFBC}") = "Tyuiu.KarandaAR.Sprint2.Task1.V26.Test", "Tyuiu.KarandaAR.Sprint2.Task1.V26.Test\Tyuiu.KarandaAR.Sprint2.Task1.V26.Test.csproj", "{1D20F028-BEAC-40D0-9DE4-6274BAD0388B}"
EndProject
Project("{2150E333-8FDC-42A3-9474-1A3956D46DE8}") = "Task2", "Task2", "{19F00E00-133A-46F4-8BE8-25CF468C8551}"
EndProject
Project("{FAE04EC0-301F-11D3-BF4B-00C04F79EFBC}") = "Tyuiu.KarandaAR.Sprint2.Task2.V30", "Tyuiu.KarandaAR.Sprint2.Task2.V30\Tyuiu.KarandaAR.Sprint2.Task2.V30.csproj", "{4592B023-3BF3-457E-8905-14880C7926BB}"
EndProject
Project("{FAE04EC0-301F-11D3-BF4B-00C04F79EFBC}") = "Tyuiu.KarandaAR.Sprint2.Task2.V30.Lib", "Tyuiu.KarandaAR.Sprint2.Task2.V30.Lib\Tyuiu.KarandaAR.Sprint2.Task2.V30.Lib.csproj", "{F2ED9A55-1B0A-4586-A017-C6062BF1A2E2}"
EndProject
Project("{FAE04EC0-301F-11D3-BF4B-00C04F79EFBC}") = "Tyuiu.KarandaAR.Sprint2.Task2.V30.Test", "Tyuiu.KarandaAR.Sprint2.Task2.V30.Test\Tyuiu.KarandaAR.Sprint2.Task2.V30.Test.csproj", "{62068EE6-B9E4-43E3-B644-7846B0885B1C}"
EndProject
Project("{2150E333-8FDC-42A3-9474-1A3956D46DE8}") = "Task3", "Task3", "{073492A6-7147-47C4-8A5E-5438F8725820}"
EndProject
Project("{FAE04EC0-301F-11D3-BF4B-00C04F79EFBC}") = "Tyuiu.KarandaAR.Sprint2.Task3.V29", "Tyuiu.KarandaAR.Sprint2.Task3.V29\Tyuiu.KarandaAR.Sprint2.Task3.V29.csproj", "{5F2A9FD1-CDA2-43C3-BE20-659AF419896A}"
EndProject
Project("{FAE04EC0-301F-11D3-BF4B-00C04F79EFBC}") = "Tyuiu.KarandaAR.Sprint2.Task3.V29.Lib", "Tyuiu.KarandaAR.Sprint2.Task3.V29.Lib\Tyuiu.KarandaAR.Sprint2.Task3.V29.Lib.csproj", "{0B5F194C-5531-4BF6-A8F3-FED3903EA07A}"
EndProject
Project("{FAE04EC0-301F-11D3-BF4B-00C04F79EFBC}") = "Tyuiu.KarandaAR.Sprint2.Task3.V29.Test", "Tyuiu.KarandaAR.Sprint2.Task3.V29.Test\Tyuiu.KarandaAR.Sprint2.Task3.V29.Test.csproj", "{23B5366A-F3D1-4C76-BF8B-2FB1910D0405}"
EndProject
Global
	GlobalSection(SolutionConfigurationPlatforms) = preSolution
		Debug|Any CPU = Debug|Any CPU
		Release|Any CPU = Release|Any CPU
	EndGlobalSection
	GlobalSection(ProjectConfigurationPlatforms) = postSolution
		{5466FDA5-7574-4DF5-8125-67EBC89099FE}.Debug|Any CPU.ActiveCfg = Debug|Any CPU
		{5466FDA5-7574-4DF5-8125-67EBC89099FE}.Debug|Any CPU.Build.0 = Debug|Any CPU
		{5466FDA5-7574-4DF5-8125-67EBC89099FE}.Release|Any CPU.ActiveCfg = Release|Any CPU
		{5466FDA5-7574-4DF5-8125-67EBC89099FE}.Release|Any CPU.Build.0 = Release|Any CPU
		{AF2F35BD-143E-4F51-A467-EA1BFE102C0D}.Debug|Any CPU.ActiveCfg = Debug|Any CPU
		{AF2F35BD-143E-4F51-A467-EA1BFE102C0D}.Debug|Any CPU.Build.0 = Debug|Any CPU
		{AF2F35BD-143E-4F51-A467-EA1BFE102C0D}.Release|Any CPU.ActiveCfg = Release|Any CPU
		{AF2F35BD-143E-4F51-A467-EA1BFE102C0D}.Release|Any CPU.Build.0 = Release|Any CPU
		{8547C1FA-E6AC-4EA6-A2B0-6F5162A7AEF1}.Debug|Any CPU.ActiveCfg = Debug|Any CPU
		{8547C1FA-E6AC-4EA6-A2B0-6F5162A7AEF1}.Debug|Any CPU.Build.0 = Debug|Any CPU
		{8547C1FA-E6AC-4EA6-A2B0-6F5162A7AEF1}.Release|Any CPU.ActiveCfg = Release|Any CPU
		{8547C1FA-E6AC-4EA6-A2B0-6F5162A7AEF1}.Release|Any CPU.Build.0 = Release|Any CPU
		{14ACDE92-22ED-4032-BF95-839EE4071CAC}.Debug|Any CPU.ActiveCfg = Debug|Any CPU
		{14ACDE92-22ED-4032-BF95-839EE4071CAC}.Debug|Any CPU.Build.0 = Debug|Any CPU
		{14ACDE92-22ED-4032-BF95-839EE4071CAC}.Release|Any CPU.ActiveCfg = Release|Any CPU
		{14ACDE92-22ED-4032-BF95-839EE4071CAC}.Release|Any CPU.Build.0 = Release|Any CPU
		{EDC2B137-616C-45D4-96E8-62922DAD421D}.Debug|Any CPU.ActiveCfg = Debug|Any CPU
		{EDC2B137-616C-45D4-96E8-62922DAD421D}.Debug|Any CPU.Build.0 = Debug|Any CPU
		{EDC2B137-616C-45D4-96E8-62922DAD421D}.Release|Any CPU.ActiveCfg = Release|Any CPU
		{EDC2B137-616C-45D4-96E8-62922DAD421D}.Release|Any CPU.Build.0 = Release|Any CPU
		{1D20F028-BEAC-40D0-9DE4-6274BAD0388B}.Debug|Any CPU.ActiveCfg = Debug|Any CPU
		{1D20F028-BEAC-40D0-9DE4-6274BAD0388B}.Debug|Any CPU.Build.0 = Debug|Any CPU
		{1D20F028-BEAC-40D0-9DE4-6274BAD0388B}.Release|Any CPU.ActiveCfg = Release|Any CPU
		{1D20F028-BEAC-40D0-9DE4-6274BAD0388B}.Release|Any CPU.Build.0 = Release|Any CPU
		{4592B023-3BF3-457E-8905-14880C7926BB}.Debug|Any CPU.ActiveCfg = Debug|Any CPU
		{4592B023-3BF3-457E-8905-14880C7926BB}.Debug|Any CPU.Build.0 = Debug|Any CPU
		{4592B023-3BF3-457E-8905-14880C7926BB}.Release|Any CPU.ActiveCfg = Release|Any CPU
		{4592B023-3BF3-457E-8905-14880C7926BB}.Release|Any CPU.Build.0 = Release|Any CPU
		{F2ED9A55-1B0A-4586-A017-C6062BF1A2E2}.Debug|Any CPU.ActiveCfg = Debug|Any CPU
		{F2ED9A55-1B0A-4586-A017-C6062BF1A2E2}.Debug|Any CPU.Build.0 = Debug|Any CPU
		{F2ED9A55-1B0A-4586-A017-C6062BF1A2E2}.Release|Any CPU.ActiveCfg = Release|Any CPU
		{F2ED9A55-1B0A-4586-A017-C6062BF1A2E2}.Release|Any CPU.Build.0 = Release|Any CPU
		{62068EE6-B9E4-43E3-B644-7846B0885B1C}.Debug|Any CPU.ActiveCfg = Debug|Any CPU
		{62068EE6-B9E4-43E3-B644-7846B0885B1C}.Debug|Any CPU.Build.0 = Debug|Any CPU
		{62068EE6-B9E4-43E3-B644-7846B0885B1C}.Release|Any CPU.ActiveCfg = Release|Any CPU
		{62068EE6-B9E4-43E3-B644-7846B0885B1C}.Release|Any CPU.Build.0 = Release|Any CPU
		{5F2A9FD1-CDA2-43C3-BE20-659AF419896A}.Debug|Any CPU.ActiveCfg = Debug|Any CPU
		{5F2A9FD1-CDA2-43C3-BE20-659AF419896A}.Debug|Any CPU.Build.0 = Debug|Any CPU
		{5F2A9FD1-CDA2-43C3-BE20-659AF419896A}.Release|Any CPU.ActiveCfg = Release|Any CPU
		{5F2A9FD1-CDA2-43C3-BE20-659AF419896A}.Release|Any CPU.Build.0 = Release|Any CPU
		{0B5F194C-5531-4BF6-A8F3-FED3903EA07A}.Debug|Any CPU.ActiveCfg = Debug|Any CPU
		{0B5F194C-5531-4BF6-A8F3-FED3903EA07A}.Debug|Any CPU.Build.0 = Debug|Any CPU
		{0B5F194C-5531-4BF6-A8F3-FED3903EA07A}.Release|Any CPU.ActiveCfg = Release|Any CPU
		{0B5F194C-5531-4BF6-A8F3-FED3903EA07A}.Release|Any CPU.Build.0 = Release|Any CPU
		{23B5366A-F3D1-4C76-BF8B-2FB1910D0405}.Debug|Any CPU.ActiveCfg = Debug|Any CPU
		{23B5366A-F3D1-4C76-BF8B-2FB1910D0405}.Debug|Any CPU.Build.0 = Debug|Any CPU
		{23B5366A-F3D1-4C76-BF8B-2FB1910D0405}.Release|Any CPU.ActiveCfg = Release|Any CPU
		{23B5366A-F3D1-4C76-BF8B-2FB1910D0405}.Release|Any CPU.Build.0 = Release|Any CPU
	EndGlobalSection
	GlobalSection(SolutionProperties) = preSolution
		HideSolutionNode = FALSE
	EndGlobalSection
	GlobalSection(NestedProjects) = preSolution
		{5466FDA5-7574-4DF5-8125-67EBC89099FE} = {722A49FD-CEA2-4768-B826-AEEE6A103B8F}
		{AF2F35BD-143E-4F51-A467-EA1BFE102C0D} = {722A49FD-CEA2-4768-B826-AEEE6A103B8F}
		{8547C1FA-E6AC-4EA6-A2B0-6F5162A7AEF1} = {722A49FD-CEA2-4768-B826-AEEE6A103B8F}
		{14ACDE92-22ED-4032-BF95-839EE4071CAC} = {AD75FF7E-921A-4D82-9881-A7301382F486}
		{EDC2B137-616C-45D4-96E8-62922DAD421D} = {AD75FF7E-921A-4D82-9881-A7301382F486}
		{1D20F028-BEAC-40D0-9DE4-6274BAD0388B} = {AD75FF7E-921A-4D82-9881-A7301382F486}
		{4592B023-3BF3-457E-8905-14880C7926BB} = {19F00E00-133A-46F4-8BE8-25CF468C8551}
		{F2ED9A55-1B0A-4586-A017-C6062BF1A2E2} = {19F00E00-133A-46F4-8BE8-25CF468C8551}
		{62068EE6-B9E4-43E3-B644-7846B0885B1C} = {19F00E00-133A-46F4-8BE8-25CF468C8551}
		{5F2A9FD1-CDA2-43C3-BE20-659AF419896A} = {073492A6-7147-47C4-8A5E-5438F8725820}
		{0B5F194C-5531-4BF6-A8F3-FED3903EA07A} = {073492A6-7147-47C4-8A5E-5438F8725820}
		{23B5366A-F3D1-4C76-BF8B-2FB1910D0405} = {073492A6-7147-47C4-8A5E-5438F8725820}
	EndGlobalSection
	GlobalSection(ExtensibilityGlobals) = postSolution
		SolutionGuid = {39BC5A16-32C5-41B0-9915-892888492A74}
	EndGlobalSection
EndGlobal
